
Microsoft Visual Studio Solution File, Format Version 12.00
# Visual Studio Version 17
VisualStudioVersion = 17.5.002.0
MinimumVisualStudioVersion = 10.0.40219.1
Project("{9A19103F-16F7-4668-BE54-9A1E7A4F7556}") = "tavobarrientos.api", "tavobarrientos.api.csproj", "{2DF60299-6082-4D9D-A892-1CF3903A8674}"
EndProject
Global
	GlobalSection(SolutionConfigurationPlatforms) = preSolution
		Debug|Any CPU = Debug|Any CPU
		Release|Any CPU = Release|Any CPU
	EndGlobalSection
	GlobalSection(ProjectConfigurationPlatforms) = postSolution
		{2DF60299-6082-4D9D-A892-1CF3903A8674}.Debug|Any CPU.ActiveCfg = Debug|Any CPU
		{2DF60299-6082-4D9D-A892-1CF3903A8674}.Debug|Any CPU.Build.0 = Debug|Any CPU
		{2DF60299-6082-4D9D-A892-1CF3903A8674}.Release|Any CPU.ActiveCfg = Release|Any CPU
		{2DF60299-6082-4D9D-A892-1CF3903A8674}.Release|Any CPU.Build.0 = Release|Any CPU
	EndGlobalSection
	GlobalSection(SolutionProperties) = preSolution
		HideSolutionNode = FALSE
	EndGlobalSection
	GlobalSection(ExtensibilityGlobals) = postSolution
		SolutionGuid = {A05EA049-66B2-463F-A7D5-6B63A8FC7A67}
	EndGlobalSection
EndGlobal
